
Microsoft Visual Studio Solution File, Format Version 12.00
# Visual Studio Version 16
VisualStudioVersion = 16.0.29503.13
MinimumVisualStudioVersion = 10.0.40219.1
Project("{9A19103F-16F7-4668-BE54-9A1E7A4F7556}") = "SlicingPieAPI", "SlicingPieAPI\SlicingPieAPI.csproj", "{4C56F297-B58F-4515-9A65-5A0E85AF64BB}"
EndProject
Project("{FAE04EC0-301F-11D3-BF4B-00C04F79EFBC}") = "SlicingPieAdmin", "SlicingPieAdmin\SlicingPieAdmin.csproj", "{CEFFD031-576E-49AB-9FB3-4608D4B62E8B}"
EndProject
Global
	GlobalSection(SolutionConfigurationPlatforms) = preSolution
		Debug|Any CPU = Debug|Any CPU
		Release|Any CPU = Release|Any CPU
	EndGlobalSection
	GlobalSection(ProjectConfigurationPlatforms) = postSolution
		{4C56F297-B58F-4515-9A65-5A0E85AF64BB}.Debug|Any CPU.ActiveCfg = Debug|Any CPU
		{4C56F297-B58F-4515-9A65-5A0E85AF64BB}.Debug|Any CPU.Build.0 = Debug|Any CPU
		{4C56F297-B58F-4515-9A65-5A0E85AF64BB}.Release|Any CPU.ActiveCfg = Release|Any CPU
		{4C56F297-B58F-4515-9A65-5A0E85AF64BB}.Release|Any CPU.Build.0 = Release|Any CPU
		{CEFFD031-576E-49AB-9FB3-4608D4B62E8B}.Debug|Any CPU.ActiveCfg = Debug|Any CPU
		{CEFFD031-576E-49AB-9FB3-4608D4B62E8B}.Debug|Any CPU.Build.0 = Debug|Any CPU
		{CEFFD031-576E-49AB-9FB3-4608D4B62E8B}.Release|Any CPU.ActiveCfg = Release|Any CPU
		{CEFFD031-576E-49AB-9FB3-4608D4B62E8B}.Release|Any CPU.Build.0 = Release|Any CPU
	EndGlobalSection
	GlobalSection(SolutionProperties) = preSolution
		HideSolutionNode = FALSE
	EndGlobalSection
	GlobalSection(ExtensibilityGlobals) = postSolution
		SolutionGuid = {F21150AD-6CDA-46E0-BC3B-94E79E327FBC}
	EndGlobalSection
EndGlobal
